<?xml version="1.0" encoding="utf-8"?>
<Project ToolsVersion="4.0" xmlns="http://schemas.microsoft.com/developer/msbuild/2003">
  <ItemGroup>
    <ClCompile Include="CRtspSession.cpp">
      <Filter>Source Files</Filter>
    </ClCompile>
    <ClCompile Include="CStreamer.cpp">
      <Filter>Source Files</Filter>
    </ClCompile>
    <ClCompile Include="JpegFrameParser.cpp">
      <Filter>Source Files</Filter>
    </ClCompile>
    <ClCompile Include="RTSPServer.cpp">
      <Filter>Source Files</Filter>
    </ClCompile>
    <ClCompile Include="stdafx.cpp">
      <Filter>Source Files</Filter>
    </ClCompile>
  </ItemGroup>
  <ItemGroup>
    <ClInclude Include="targetver.h">
      <Filter>Header Files</Filter>
    </ClInclude>
    <ClInclude Include="stdafx.h">
      <Filter>Header Files</Filter>
    </ClInclude>
    <ClInclude Include="CRtspSession.h">
      <Filter>Header Files</Filter>
    </ClInclude>
    <ClInclude Include="CStreamer.h">
      <Filter>Header Files</Filter>
    </ClInclude>
    <ClInclude Include="JpegFrameParser.h">
      <Filter>Header Files</Filter>
    </ClInclude>
  </ItemGroup>
  <ItemGroup>
    <Filter Include="Header Files">
      <UniqueIdentifier>{ef2bde6d-a320-4793-be38-3dbf8607daee}</UniqueIdentifier>
    </Filter>
    <Filter Include="Source Files">
      <UniqueIdentifier>{b7594c59-b375-4d99-94fe-c0d14298500b}</UniqueIdentifier>
    </Filter>
  </ItemGroup>
</Project>